
Microsoft Visual Studio Solution File, Format Version 12.00
# Visual Studio Version 16
VisualStudioVersion = 16.0.30114.105
MinimumVisualStudioVersion = 10.0.40219.1
Project("{FAE04EC0-301F-11D3-BF4B-00C04F79EFBC}") = "DayTime", "DayTime\DayTime.csproj", "{35A2F098-FFE7-4672-A5AD-6A56AB5C54E5}"
EndProject
Global
	GlobalSection(SolutionConfigurationPlatforms) = preSolution
		Debug|Any CPU = Debug|Any CPU
		Release|Any CPU = Release|Any CPU
	EndGlobalSection
	GlobalSection(ProjectConfigurationPlatforms) = postSolution
		{35A2F098-FFE7-4672-A5AD-6A56AB5C54E5}.Debug|Any CPU.ActiveCfg = Debug|Any CPU
		{35A2F098-FFE7-4672-A5AD-6A56AB5C54E5}.Debug|Any CPU.Build.0 = Debug|Any CPU
		{35A2F098-FFE7-4672-A5AD-6A56AB5C54E5}.Release|Any CPU.ActiveCfg = Release|Any CPU
		{35A2F098-FFE7-4672-A5AD-6A56AB5C54E5}.Release|Any CPU.Build.0 = Release|Any CPU
	EndGlobalSection
	GlobalSection(SolutionProperties) = preSolution
		HideSolutionNode = FALSE
	EndGlobalSection
	GlobalSection(ExtensibilityGlobals) = postSolution
		SolutionGuid = {19F55B2E-CEA7-4A8E-9DB9-4007A1541B90}
	EndGlobalSection
EndGlobal
